<Solution>
  <Configurations>
    <Platform Name="x64" />
    <Platform Name="x86" />
  </Configurations>
  <Project Path="ast/ast.vcxproj" Id="7bb50fb9-6221-4f92-a117-13cdd0e93147" />
  <Project Path="ext/zlib-1.2.11/contrib/vstudio/vc14/zlibstat.vcxproj" Id="745dec58-ebb3-47a9-a9b8-4c6627c01bf8" />
  <Project Path="lexer/lexer.vcxproj" Id="a9172a05-8185-436b-8481-248323cc6f12" />
  <Project Path="oc/oc.vcxproj" Id="3c207e69-ccf1-4c83-b48e-bb7c547a578c" />
  <Project Path="soul.ast/soul.ast.vcxproj" Id="d0c4352f-2698-480c-9273-e08403b18f4f" />
  <Project Path="soul.lexer/soul.lexer.vcxproj" Id="df725122-d3d1-42a0-87a1-59f5401eb196" />
  <Project Path="soul.parser/soul.parser.vcxproj" Id="4d5408bd-8434-49a7-a2db-ae8175293998" />
  <Project Path="soul.xml.dom/soul.xml.dom.vcxproj" Id="28a60b48-4ecb-4f7c-93c1-efb97da99d6b" />
  <Project Path="symbols/symbols.vcxproj" Id="009ba0e8-5879-4ea2-9d84-14623b49222e" />
  <Project Path="util/util.vcxproj" Id="b8bd3cc1-3c92-430e-8d5e-310b4269f779" />
</Solution>
