
Microsoft Visual Studio Solution File, Format Version 12.00
# Visual Studio Version 17
VisualStudioVersion = 17.14.37216.2
MinimumVisualStudioVersion = 10.0.40219.1
Project("{8BC9CEB8-8B4A-11D0-8D11-00A0C91BC942}") = "oc", "oc\oc.vcxproj", "{82790714-8520-4B86-84AB-EB9F16E6FD67}"
EndProject
Project("{8BC9CEB8-8B4A-11D0-8D11-00A0C91BC942}") = "util", "util\util.vcxproj", "{0D05902B-F49D-4304-8573-7C45A1B9486A}"
EndProject
Project("{8BC9CEB8-8B4A-11D0-8D11-00A0C91BC942}") = "soul.ast", "soul.ast\soul.ast.vcxproj", "{24A953F0-C4C5-4E75-832A-8A1882E68253}"
EndProject
Project("{8BC9CEB8-8B4A-11D0-8D11-00A0C91BC942}") = "soul.lexer", "soul.lexer\soul.lexer.vcxproj", "{D0DEB5E7-3353-4C22-8B1D-FB1A94486496}"
EndProject
Project("{8BC9CEB8-8B4A-11D0-8D11-00A0C91BC942}") = "soul.parser", "soul.parser\soul.parser.vcxproj", "{F5C14912-B7CB-4BED-A9A6-FFD8A45A4C8F}"
EndProject
Project("{8BC9CEB8-8B4A-11D0-8D11-00A0C91BC942}") = "soul.xml.dom", "soul.xml.dom\soul.xml.dom.vcxproj", "{186C29D5-1906-41E9-94AA-BE8B4EA465F2}"
EndProject
Project("{8BC9CEB8-8B4A-11D0-8D11-00A0C91BC942}") = "ast", "ast\ast.vcxproj", "{06A46249-A334-48E9-85E6-73616212B783}"
EndProject
Project("{8BC9CEB8-8B4A-11D0-8D11-00A0C91BC942}") = "lexer", "lexer\lexer.vcxproj", "{482E3B51-5AD0-49EC-9891-C902C3BA65FF}"
EndProject
Project("{8BC9CEB8-8B4A-11D0-8D11-00A0C91BC942}") = "symbols", "symbols\symbols.vcxproj", "{A7DEB4EE-E2CA-48F0-BC8B-603AFAF0428F}"
EndProject
Project("{8BC9CEB8-8B4A-11D0-8D11-00A0C91BC942}") = "zlibstat", "ext\zlib-1.2.11\contrib\vstudio\vc14\zlibstat.vcxproj", "{745DEC58-EBB3-47A9-A9B8-4C6627C01BF8}"
EndProject
Project("{8BC9CEB8-8B4A-11D0-8D11-00A0C91BC942}") = "build", "build\build.vcxproj", "{25F6CD30-D829-4911-AFCD-DA63EEF6E913}"
EndProject
Project("{8BC9CEB8-8B4A-11D0-8D11-00A0C91BC942}") = "soul.xml.dom.parser", "soul.xml.dom_parser\soul.xml.dom_parser.vcxproj", "{7A094768-CE01-46A8-B69A-BD7247750680}"
EndProject
Project("{8BC9CEB8-8B4A-11D0-8D11-00A0C91BC942}") = "soul.xml.processor", "soul.xml.processor\soul.xml.processor.vcxproj", "{A1BA9D4F-64D1-4D5E-AE9D-9B122B32150C}"
EndProject
Project("{8BC9CEB8-8B4A-11D0-8D11-00A0C91BC942}") = "soul.xml.parser", "soul.xml.parser\soul.xml.parser.vcxproj", "{B3D08DEF-D76A-4505-9341-336780136ED3}"
EndProject
Project("{8BC9CEB8-8B4A-11D0-8D11-00A0C91BC942}") = "soul.xml.xpath", "soul.xml.xpath\soul.xml.xpath.vcxproj", "{BC79BD64-6350-489B-92C1-42E6ED505A56}"
EndProject
Project("{8BC9CEB8-8B4A-11D0-8D11-00A0C91BC942}") = "soul.common", "soul.common\soul.common.vcxproj", "{22CED8EA-DE09-4322-8ABE-8937AC801486}"
EndProject
Project("{8BC9CEB8-8B4A-11D0-8D11-00A0C91BC942}") = "parser", "parser\parser.vcxproj", "{99213559-3A97-464F-B1E2-67FF44BF3B0D}"
EndProject
Project("{8BC9CEB8-8B4A-11D0-8D11-00A0C91BC942}") = "make_otava_ucd", "make_otava_ucd\make_otava_ucd.vcxproj", "{BD57A108-4571-4260-98CD-D450E441562F}"
EndProject
Project("{8BC9CEB8-8B4A-11D0-8D11-00A0C91BC942}") = "otava_inst", "tools\otava_inst\otava_inst.vcxproj", "{1D17CC30-6264-4271-8BBE-7EAECF4A01E7}"
EndProject
Project("{8BC9CEB8-8B4A-11D0-8D11-00A0C91BC942}") = "soul.rex", "soul.rex\soul.rex.vcxproj", "{8AAEE09C-9855-46AB-A8E9-A07936F8FB42}"
EndProject
Project("{8BC9CEB8-8B4A-11D0-8D11-00A0C91BC942}") = "intermediate", "intermediate\intermediate.vcxproj", "{D93BDC82-AFFF-427A-B863-FC939DFC4F30}"
EndProject
Project("{8BC9CEB8-8B4A-11D0-8D11-00A0C91BC942}") = "assembly", "assembly\assembly.vcxproj", "{616C5054-DC35-4986-96F9-EEF416F6CBDC}"
EndProject
Project("{8BC9CEB8-8B4A-11D0-8D11-00A0C91BC942}") = "optimizer", "optimizer\optimizer.vcxproj", "{04C54A1B-ABD4-4CF1-A0A7-A33486F06E0D}"
EndProject
Project("{8BC9CEB8-8B4A-11D0-8D11-00A0C91BC942}") = "pp", "pp\pp.vcxproj", "{96126EC6-B882-494D-81B1-BA004C4DEFBF}"
EndProject
Project("{8BC9CEB8-8B4A-11D0-8D11-00A0C91BC942}") = "codegen", "codegen\codegen.vcxproj", "{213AB57D-28FB-45E6-A5DA-74EC7A0AD5D8}"
EndProject
Project("{8BC9CEB8-8B4A-11D0-8D11-00A0C91BC942}") = "ort", "ort\ort.vcxproj", "{280BCFC5-BF1A-4C54-8378-A4251AC50D4F}"
EndProject
Global
	GlobalSection(SolutionConfigurationPlatforms) = preSolution
		Debug|x64 = Debug|x64
		Debug|x86 = Debug|x86
		Release|x64 = Release|x64
		Release|x86 = Release|x86
	EndGlobalSection
	GlobalSection(ProjectConfigurationPlatforms) = postSolution
		{82790714-8520-4B86-84AB-EB9F16E6FD67}.Debug|x64.ActiveCfg = Debug|x64
		{82790714-8520-4B86-84AB-EB9F16E6FD67}.Debug|x64.Build.0 = Debug|x64
		{82790714-8520-4B86-84AB-EB9F16E6FD67}.Debug|x86.ActiveCfg = Debug|Win32
		{82790714-8520-4B86-84AB-EB9F16E6FD67}.Debug|x86.Build.0 = Debug|Win32
		{82790714-8520-4B86-84AB-EB9F16E6FD67}.Release|x64.ActiveCfg = Release|x64
		{82790714-8520-4B86-84AB-EB9F16E6FD67}.Release|x64.Build.0 = Release|x64
		{82790714-8520-4B86-84AB-EB9F16E6FD67}.Release|x86.ActiveCfg = Release|Win32
		{82790714-8520-4B86-84AB-EB9F16E6FD67}.Release|x86.Build.0 = Release|Win32
		{0D05902B-F49D-4304-8573-7C45A1B9486A}.Debug|x64.ActiveCfg = Debug|x64
		{0D05902B-F49D-4304-8573-7C45A1B9486A}.Debug|x64.Build.0 = Debug|x64
		{0D05902B-F49D-4304-8573-7C45A1B9486A}.Debug|x86.ActiveCfg = Debug|Win32
		{0D05902B-F49D-4304-8573-7C45A1B9486A}.Debug|x86.Build.0 = Debug|Win32
		{0D05902B-F49D-4304-8573-7C45A1B9486A}.Release|x64.ActiveCfg = Release|x64
		{0D05902B-F49D-4304-8573-7C45A1B9486A}.Release|x64.Build.0 = Release|x64
		{0D05902B-F49D-4304-8573-7C45A1B9486A}.Release|x86.ActiveCfg = Release|Win32
		{0D05902B-F49D-4304-8573-7C45A1B9486A}.Release|x86.Build.0 = Release|Win32
		{24A953F0-C4C5-4E75-832A-8A1882E68253}.Debug|x64.ActiveCfg = Debug|x64
		{24A953F0-C4C5-4E75-832A-8A1882E68253}.Debug|x64.Build.0 = Debug|x64
		{24A953F0-C4C5-4E75-832A-8A1882E68253}.Debug|x86.ActiveCfg = Debug|Win32
		{24A953F0-C4C5-4E75-832A-8A1882E68253}.Debug|x86.Build.0 = Debug|Win32
		{24A953F0-C4C5-4E75-832A-8A1882E68253}.Release|x64.ActiveCfg = Release|x64
		{24A953F0-C4C5-4E75-832A-8A1882E68253}.Release|x64.Build.0 = Release|x64
		{24A953F0-C4C5-4E75-832A-8A1882E68253}.Release|x86.ActiveCfg = Release|Win32
		{24A953F0-C4C5-4E75-832A-8A1882E68253}.Release|x86.Build.0 = Release|Win32
		{D0DEB5E7-3353-4C22-8B1D-FB1A94486496}.Debug|x64.ActiveCfg = Debug|x64
		{D0DEB5E7-3353-4C22-8B1D-FB1A94486496}.Debug|x64.Build.0 = Debug|x64
		{D0DEB5E7-3353-4C22-8B1D-FB1A94486496}.Debug|x86.ActiveCfg = Debug|Win32
		{D0DEB5E7-3353-4C22-8B1D-FB1A94486496}.Debug|x86.Build.0 = Debug|Win32
		{D0DEB5E7-3353-4C22-8B1D-FB1A94486496}.Release|x64.ActiveCfg = Release|x64
		{D0DEB5E7-3353-4C22-8B1D-FB1A94486496}.Release|x64.Build.0 = Release|x64
		{D0DEB5E7-3353-4C22-8B1D-FB1A94486496}.Release|x86.ActiveCfg = Release|Win32
		{D0DEB5E7-3353-4C22-8B1D-FB1A94486496}.Release|x86.Build.0 = Release|Win32
		{F5C14912-B7CB-4BED-A9A6-FFD8A45A4C8F}.Debug|x64.ActiveCfg = Debug|x64
		{F5C14912-B7CB-4BED-A9A6-FFD8A45A4C8F}.Debug|x64.Build.0 = Debug|x64
		{F5C14912-B7CB-4BED-A9A6-FFD8A45A4C8F}.Debug|x86.ActiveCfg = Debug|Win32
		{F5C14912-B7CB-4BED-A9A6-FFD8A45A4C8F}.Debug|x86.Build.0 = Debug|Win32
		{F5C14912-B7CB-4BED-A9A6-FFD8A45A4C8F}.Release|x64.ActiveCfg = Release|x64
		{F5C14912-B7CB-4BED-A9A6-FFD8A45A4C8F}.Release|x64.Build.0 = Release|x64
		{F5C14912-B7CB-4BED-A9A6-FFD8A45A4C8F}.Release|x86.ActiveCfg = Release|Win32
		{F5C14912-B7CB-4BED-A9A6-FFD8A45A4C8F}.Release|x86.Build.0 = Release|Win32
		{186C29D5-1906-41E9-94AA-BE8B4EA465F2}.Debug|x64.ActiveCfg = Debug|x64
		{186C29D5-1906-41E9-94AA-BE8B4EA465F2}.Debug|x64.Build.0 = Debug|x64
		{186C29D5-1906-41E9-94AA-BE8B4EA465F2}.Debug|x86.ActiveCfg = Debug|Win32
		{186C29D5-1906-41E9-94AA-BE8B4EA465F2}.Debug|x86.Build.0 = Debug|Win32
		{186C29D5-1906-41E9-94AA-BE8B4EA465F2}.Release|x64.ActiveCfg = Release|x64
		{186C29D5-1906-41E9-94AA-BE8B4EA465F2}.Release|x64.Build.0 = Release|x64
		{186C29D5-1906-41E9-94AA-BE8B4EA465F2}.Release|x86.ActiveCfg = Release|Win32
		{186C29D5-1906-41E9-94AA-BE8B4EA465F2}.Release|x86.Build.0 = Release|Win32
		{06A46249-A334-48E9-85E6-73616212B783}.Debug|x64.ActiveCfg = Debug|x64
		{06A46249-A334-48E9-85E6-73616212B783}.Debug|x64.Build.0 = Debug|x64
		{06A46249-A334-48E9-85E6-73616212B783}.Debug|x86.ActiveCfg = Debug|Win32
		{06A46249-A334-48E9-85E6-73616212B783}.Debug|x86.Build.0 = Debug|Win32
		{06A46249-A334-48E9-85E6-73616212B783}.Release|x64.ActiveCfg = Release|x64
		{06A46249-A334-48E9-85E6-73616212B783}.Release|x64.Build.0 = Release|x64
		{06A46249-A334-48E9-85E6-73616212B783}.Release|x86.ActiveCfg = Release|Win32
		{06A46249-A334-48E9-85E6-73616212B783}.Release|x86.Build.0 = Release|Win32
		{482E3B51-5AD0-49EC-9891-C902C3BA65FF}.Debug|x64.ActiveCfg = Debug|x64
		{482E3B51-5AD0-49EC-9891-C902C3BA65FF}.Debug|x64.Build.0 = Debug|x64
		{482E3B51-5AD0-49EC-9891-C902C3BA65FF}.Debug|x86.ActiveCfg = Debug|Win32
		{482E3B51-5AD0-49EC-9891-C902C3BA65FF}.Debug|x86.Build.0 = Debug|Win32
		{482E3B51-5AD0-49EC-9891-C902C3BA65FF}.Release|x64.ActiveCfg = Release|x64
		{482E3B51-5AD0-49EC-9891-C902C3BA65FF}.Release|x64.Build.0 = Release|x64
		{482E3B51-5AD0-49EC-9891-C902C3BA65FF}.Release|x86.ActiveCfg = Release|Win32
		{482E3B51-5AD0-49EC-9891-C902C3BA65FF}.Release|x86.Build.0 = Release|Win32
		{A7DEB4EE-E2CA-48F0-BC8B-603AFAF0428F}.Debug|x64.ActiveCfg = Debug|x64
		{A7DEB4EE-E2CA-48F0-BC8B-603AFAF0428F}.Debug|x64.Build.0 = Debug|x64
		{A7DEB4EE-E2CA-48F0-BC8B-603AFAF0428F}.Debug|x86.ActiveCfg = Debug|Win32
		{A7DEB4EE-E2CA-48F0-BC8B-603AFAF0428F}.Debug|x86.Build.0 = Debug|Win32
		{A7DEB4EE-E2CA-48F0-BC8B-603AFAF0428F}.Release|x64.ActiveCfg = Release|x64
		{A7DEB4EE-E2CA-48F0-BC8B-603AFAF0428F}.Release|x64.Build.0 = Release|x64
		{A7DEB4EE-E2CA-48F0-BC8B-603AFAF0428F}.Release|x86.ActiveCfg = Release|Win32
		{A7DEB4EE-E2CA-48F0-BC8B-603AFAF0428F}.Release|x86.Build.0 = Release|Win32
		{745DEC58-EBB3-47A9-A9B8-4C6627C01BF8}.Debug|x64.ActiveCfg = Debug|x64
		{745DEC58-EBB3-47A9-A9B8-4C6627C01BF8}.Debug|x64.Build.0 = Debug|x64
		{745DEC58-EBB3-47A9-A9B8-4C6627C01BF8}.Debug|x86.ActiveCfg = Debug|Win32
		{745DEC58-EBB3-47A9-A9B8-4C6627C01BF8}.Debug|x86.Build.0 = Debug|Win32
		{745DEC58-EBB3-47A9-A9B8-4C6627C01BF8}.Release|x64.ActiveCfg = Release|x64
		{745DEC58-EBB3-47A9-A9B8-4C6627C01BF8}.Release|x64.Build.0 = Release|x64
		{745DEC58-EBB3-47A9-A9B8-4C6627C01BF8}.Release|x86.ActiveCfg = Release|Win32
		{745DEC58-EBB3-47A9-A9B8-4C6627C01BF8}.Release|x86.Build.0 = Release|Win32
		{25F6CD30-D829-4911-AFCD-DA63EEF6E913}.Debug|x64.ActiveCfg = Debug|x64
		{25F6CD30-D829-4911-AFCD-DA63EEF6E913}.Debug|x64.Build.0 = Debug|x64
		{25F6CD30-D829-4911-AFCD-DA63EEF6E913}.Debug|x86.ActiveCfg = Debug|Win32
		{25F6CD30-D829-4911-AFCD-DA63EEF6E913}.Debug|x86.Build.0 = Debug|Win32
		{25F6CD30-D829-4911-AFCD-DA63EEF6E913}.Release|x64.ActiveCfg = Release|x64
		{25F6CD30-D829-4911-AFCD-DA63EEF6E913}.Release|x64.Build.0 = Release|x64
		{25F6CD30-D829-4911-AFCD-DA63EEF6E913}.Release|x86.ActiveCfg = Release|Win32
		{25F6CD30-D829-4911-AFCD-DA63EEF6E913}.Release|x86.Build.0 = Release|Win32
		{7A094768-CE01-46A8-B69A-BD7247750680}.Debug|x64.ActiveCfg = Debug|x64
		{7A094768-CE01-46A8-B69A-BD7247750680}.Debug|x64.Build.0 = Debug|x64
		{7A094768-CE01-46A8-B69A-BD7247750680}.Debug|x86.ActiveCfg = Debug|Win32
		{7A094768-CE01-46A8-B69A-BD7247750680}.Debug|x86.Build.0 = Debug|Win32
		{7A094768-CE01-46A8-B69A-BD7247750680}.Release|x64.ActiveCfg = Release|x64
		{7A094768-CE01-46A8-B69A-BD7247750680}.Release|x64.Build.0 = Release|x64
		{7A094768-CE01-46A8-B69A-BD7247750680}.Release|x86.ActiveCfg = Release|Win32
		{7A094768-CE01-46A8-B69A-BD7247750680}.Release|x86.Build.0 = Release|Win32
		{A1BA9D4F-64D1-4D5E-AE9D-9B122B32150C}.Debug|x64.ActiveCfg = Debug|x64
		{A1BA9D4F-64D1-4D5E-AE9D-9B122B32150C}.Debug|x64.Build.0 = Debug|x64
		{A1BA9D4F-64D1-4D5E-AE9D-9B122B32150C}.Debug|x86.ActiveCfg = Debug|Win32
		{A1BA9D4F-64D1-4D5E-AE9D-9B122B32150C}.Debug|x86.Build.0 = Debug|Win32
		{A1BA9D4F-64D1-4D5E-AE9D-9B122B32150C}.Release|x64.ActiveCfg = Release|x64
		{A1BA9D4F-64D1-4D5E-AE9D-9B122B32150C}.Release|x64.Build.0 = Release|x64
		{A1BA9D4F-64D1-4D5E-AE9D-9B122B32150C}.Release|x86.ActiveCfg = Release|Win32
		{A1BA9D4F-64D1-4D5E-AE9D-9B122B32150C}.Release|x86.Build.0 = Release|Win32
		{B3D08DEF-D76A-4505-9341-336780136ED3}.Debug|x64.ActiveCfg = Debug|x64
		{B3D08DEF-D76A-4505-9341-336780136ED3}.Debug|x64.Build.0 = Debug|x64
		{B3D08DEF-D76A-4505-9341-336780136ED3}.Debug|x86.ActiveCfg = Debug|Win32
		{B3D08DEF-D76A-4505-9341-336780136ED3}.Debug|x86.Build.0 = Debug|Win32
		{B3D08DEF-D76A-4505-9341-336780136ED3}.Release|x64.ActiveCfg = Release|x64
		{B3D08DEF-D76A-4505-9341-336780136ED3}.Release|x64.Build.0 = Release|x64
		{B3D08DEF-D76A-4505-9341-336780136ED3}.Release|x86.ActiveCfg = Release|Win32
		{B3D08DEF-D76A-4505-9341-336780136ED3}.Release|x86.Build.0 = Release|Win32
		{BC79BD64-6350-489B-92C1-42E6ED505A56}.Debug|x64.ActiveCfg = Debug|x64
		{BC79BD64-6350-489B-92C1-42E6ED505A56}.Debug|x64.Build.0 = Debug|x64
		{BC79BD64-6350-489B-92C1-42E6ED505A56}.Debug|x86.ActiveCfg = Debug|Win32
		{BC79BD64-6350-489B-92C1-42E6ED505A56}.Debug|x86.Build.0 = Debug|Win32
		{BC79BD64-6350-489B-92C1-42E6ED505A56}.Release|x64.ActiveCfg = Release|x64
		{BC79BD64-6350-489B-92C1-42E6ED505A56}.Release|x64.Build.0 = Release|x64
		{BC79BD64-6350-489B-92C1-42E6ED505A56}.Release|x86.ActiveCfg = Release|Win32
		{BC79BD64-6350-489B-92C1-42E6ED505A56}.Release|x86.Build.0 = Release|Win32
		{22CED8EA-DE09-4322-8ABE-8937AC801486}.Debug|x64.ActiveCfg = Debug|x64
		{22CED8EA-DE09-4322-8ABE-8937AC801486}.Debug|x64.Build.0 = Debug|x64
		{22CED8EA-DE09-4322-8ABE-8937AC801486}.Debug|x86.ActiveCfg = Debug|Win32
		{22CED8EA-DE09-4322-8ABE-8937AC801486}.Debug|x86.Build.0 = Debug|Win32
		{22CED8EA-DE09-4322-8ABE-8937AC801486}.Release|x64.ActiveCfg = Release|x64
		{22CED8EA-DE09-4322-8ABE-8937AC801486}.Release|x64.Build.0 = Release|x64
		{22CED8EA-DE09-4322-8ABE-8937AC801486}.Release|x86.ActiveCfg = Release|Win32
		{22CED8EA-DE09-4322-8ABE-8937AC801486}.Release|x86.Build.0 = Release|Win32
		{99213559-3A97-464F-B1E2-67FF44BF3B0D}.Debug|x64.ActiveCfg = Debug|x64
		{99213559-3A97-464F-B1E2-67FF44BF3B0D}.Debug|x64.Build.0 = Debug|x64
		{99213559-3A97-464F-B1E2-67FF44BF3B0D}.Debug|x86.ActiveCfg = Debug|Win32
		{99213559-3A97-464F-B1E2-67FF44BF3B0D}.Debug|x86.Build.0 = Debug|Win32
		{99213559-3A97-464F-B1E2-67FF44BF3B0D}.Release|x64.ActiveCfg = Release|x64
		{99213559-3A97-464F-B1E2-67FF44BF3B0D}.Release|x64.Build.0 = Release|x64
		{99213559-3A97-464F-B1E2-67FF44BF3B0D}.Release|x86.ActiveCfg = Release|Win32
		{99213559-3A97-464F-B1E2-67FF44BF3B0D}.Release|x86.Build.0 = Release|Win32
		{BD57A108-4571-4260-98CD-D450E441562F}.Debug|x64.ActiveCfg = Debug|x64
		{BD57A108-4571-4260-98CD-D450E441562F}.Debug|x64.Build.0 = Debug|x64
		{BD57A108-4571-4260-98CD-D450E441562F}.Debug|x86.ActiveCfg = Debug|Win32
		{BD57A108-4571-4260-98CD-D450E441562F}.Debug|x86.Build.0 = Debug|Win32
		{BD57A108-4571-4260-98CD-D450E441562F}.Release|x64.ActiveCfg = Release|x64
		{BD57A108-4571-4260-98CD-D450E441562F}.Release|x64.Build.0 = Release|x64
		{BD57A108-4571-4260-98CD-D450E441562F}.Release|x86.ActiveCfg = Release|Win32
		{BD57A108-4571-4260-98CD-D450E441562F}.Release|x86.Build.0 = Release|Win32
		{1D17CC30-6264-4271-8BBE-7EAECF4A01E7}.Debug|x64.ActiveCfg = Debug|x64
		{1D17CC30-6264-4271-8BBE-7EAECF4A01E7}.Debug|x64.Build.0 = Debug|x64
		{1D17CC30-6264-4271-8BBE-7EAECF4A01E7}.Debug|x86.ActiveCfg = Debug|Win32
		{1D17CC30-6264-4271-8BBE-7EAECF4A01E7}.Debug|x86.Build.0 = Debug|Win32
		{1D17CC30-6264-4271-8BBE-7EAECF4A01E7}.Release|x64.ActiveCfg = Release|x64
		{1D17CC30-6264-4271-8BBE-7EAECF4A01E7}.Release|x64.Build.0 = Release|x64
		{1D17CC30-6264-4271-8BBE-7EAECF4A01E7}.Release|x86.ActiveCfg = Release|Win32
		{1D17CC30-6264-4271-8BBE-7EAECF4A01E7}.Release|x86.Build.0 = Release|Win32
		{8AAEE09C-9855-46AB-A8E9-A07936F8FB42}.Debug|x64.ActiveCfg = Debug|x64
		{8AAEE09C-9855-46AB-A8E9-A07936F8FB42}.Debug|x64.Build.0 = Debug|x64
		{8AAEE09C-9855-46AB-A8E9-A07936F8FB42}.Debug|x86.ActiveCfg = Debug|Win32
		{8AAEE09C-9855-46AB-A8E9-A07936F8FB42}.Debug|x86.Build.0 = Debug|Win32
		{8AAEE09C-9855-46AB-A8E9-A07936F8FB42}.Release|x64.ActiveCfg = Release|x64
		{8AAEE09C-9855-46AB-A8E9-A07936F8FB42}.Release|x64.Build.0 = Release|x64
		{8AAEE09C-9855-46AB-A8E9-A07936F8FB42}.Release|x86.ActiveCfg = Release|Win32
		{8AAEE09C-9855-46AB-A8E9-A07936F8FB42}.Release|x86.Build.0 = Release|Win32
		{D93BDC82-AFFF-427A-B863-FC939DFC4F30}.Debug|x64.ActiveCfg = Debug|x64
		{D93BDC82-AFFF-427A-B863-FC939DFC4F30}.Debug|x64.Build.0 = Debug|x64
		{D93BDC82-AFFF-427A-B863-FC939DFC4F30}.Debug|x86.ActiveCfg = Debug|Win32
		{D93BDC82-AFFF-427A-B863-FC939DFC4F30}.Debug|x86.Build.0 = Debug|Win32
		{D93BDC82-AFFF-427A-B863-FC939DFC4F30}.Release|x64.ActiveCfg = Release|x64
		{D93BDC82-AFFF-427A-B863-FC939DFC4F30}.Release|x64.Build.0 = Release|x64
		{D93BDC82-AFFF-427A-B863-FC939DFC4F30}.Release|x86.ActiveCfg = Release|Win32
		{D93BDC82-AFFF-427A-B863-FC939DFC4F30}.Release|x86.Build.0 = Release|Win32
		{616C5054-DC35-4986-96F9-EEF416F6CBDC}.Debug|x64.ActiveCfg = Debug|x64
		{616C5054-DC35-4986-96F9-EEF416F6CBDC}.Debug|x64.Build.0 = Debug|x64
		{616C5054-DC35-4986-96F9-EEF416F6CBDC}.Debug|x86.ActiveCfg = Debug|Win32
		{616C5054-DC35-4986-96F9-EEF416F6CBDC}.Debug|x86.Build.0 = Debug|Win32
		{616C5054-DC35-4986-96F9-EEF416F6CBDC}.Release|x64.ActiveCfg = Release|x64
		{616C5054-DC35-4986-96F9-EEF416F6CBDC}.Release|x64.Build.0 = Release|x64
		{616C5054-DC35-4986-96F9-EEF416F6CBDC}.Release|x86.ActiveCfg = Release|Win32
		{616C5054-DC35-4986-96F9-EEF416F6CBDC}.Release|x86.Build.0 = Release|Win32
		{04C54A1B-ABD4-4CF1-A0A7-A33486F06E0D}.Debug|x64.ActiveCfg = Debug|x64
		{04C54A1B-ABD4-4CF1-A0A7-A33486F06E0D}.Debug|x64.Build.0 = Debug|x64
		{04C54A1B-ABD4-4CF1-A0A7-A33486F06E0D}.Debug|x86.ActiveCfg = Debug|Win32
		{04C54A1B-ABD4-4CF1-A0A7-A33486F06E0D}.Debug|x86.Build.0 = Debug|Win32
		{04C54A1B-ABD4-4CF1-A0A7-A33486F06E0D}.Release|x64.ActiveCfg = Release|x64
		{04C54A1B-ABD4-4CF1-A0A7-A33486F06E0D}.Release|x64.Build.0 = Release|x64
		{04C54A1B-ABD4-4CF1-A0A7-A33486F06E0D}.Release|x86.ActiveCfg = Release|Win32
		{04C54A1B-ABD4-4CF1-A0A7-A33486F06E0D}.Release|x86.Build.0 = Release|Win32
		{96126EC6-B882-494D-81B1-BA004C4DEFBF}.Debug|x64.ActiveCfg = Debug|x64
		{96126EC6-B882-494D-81B1-BA004C4DEFBF}.Debug|x64.Build.0 = Debug|x64
		{96126EC6-B882-494D-81B1-BA004C4DEFBF}.Debug|x86.ActiveCfg = Debug|Win32
		{96126EC6-B882-494D-81B1-BA004C4DEFBF}.Debug|x86.Build.0 = Debug|Win32
		{96126EC6-B882-494D-81B1-BA004C4DEFBF}.Release|x64.ActiveCfg = Release|x64
		{96126EC6-B882-494D-81B1-BA004C4DEFBF}.Release|x64.Build.0 = Release|x64
		{96126EC6-B882-494D-81B1-BA004C4DEFBF}.Release|x86.ActiveCfg = Release|Win32
		{96126EC6-B882-494D-81B1-BA004C4DEFBF}.Release|x86.Build.0 = Release|Win32
		{213AB57D-28FB-45E6-A5DA-74EC7A0AD5D8}.Debug|x64.ActiveCfg = Debug|x64
		{213AB57D-28FB-45E6-A5DA-74EC7A0AD5D8}.Debug|x64.Build.0 = Debug|x64
		{213AB57D-28FB-45E6-A5DA-74EC7A0AD5D8}.Debug|x86.ActiveCfg = Debug|Win32
		{213AB57D-28FB-45E6-A5DA-74EC7A0AD5D8}.Debug|x86.Build.0 = Debug|Win32
		{213AB57D-28FB-45E6-A5DA-74EC7A0AD5D8}.Release|x64.ActiveCfg = Release|x64
		{213AB57D-28FB-45E6-A5DA-74EC7A0AD5D8}.Release|x64.Build.0 = Release|x64
		{213AB57D-28FB-45E6-A5DA-74EC7A0AD5D8}.Release|x86.ActiveCfg = Release|Win32
		{213AB57D-28FB-45E6-A5DA-74EC7A0AD5D8}.Release|x86.Build.0 = Release|Win32
		{280BCFC5-BF1A-4C54-8378-A4251AC50D4F}.Debug|x64.ActiveCfg = Debug|x64
		{280BCFC5-BF1A-4C54-8378-A4251AC50D4F}.Debug|x64.Build.0 = Debug|x64
		{280BCFC5-BF1A-4C54-8378-A4251AC50D4F}.Debug|x86.ActiveCfg = Debug|Win32
		{280BCFC5-BF1A-4C54-8378-A4251AC50D4F}.Debug|x86.Build.0 = Debug|Win32
		{280BCFC5-BF1A-4C54-8378-A4251AC50D4F}.Release|x64.ActiveCfg = Release|x64
		{280BCFC5-BF1A-4C54-8378-A4251AC50D4F}.Release|x64.Build.0 = Release|x64
		{280BCFC5-BF1A-4C54-8378-A4251AC50D4F}.Release|x86.ActiveCfg = Release|Win32
		{280BCFC5-BF1A-4C54-8378-A4251AC50D4F}.Release|x86.Build.0 = Release|Win32
	EndGlobalSection
	GlobalSection(SolutionProperties) = preSolution
		HideSolutionNode = FALSE
	EndGlobalSection
	GlobalSection(ExtensibilityGlobals) = postSolution
		SolutionGuid = {60F18D47-3FA4-4967-B661-EC13FED138C9}
	EndGlobalSection
EndGlobal
